// !$*UTF8*$!
{
	archiveVersion = 1;
	classes = {
	};
	objectVersion = 56;
	objects = {

/* Begin PBXBuildFile section */
		BC4A2ACF2AFCD3C70027B9AC /* AppDelegate.swift in Sources */ = {isa = PBXBuildFile; fileRef = BC4A2ACE2AFCD3C70027B9AC /* AppDelegate.swift */; };
		BC4A2AD12AFCD3C70027B9AC /* SceneDelegate.swift in Sources */ = {isa = PBXBuildFile; fileRef = BC4A2AD02AFCD3C70027B9AC /* SceneDelegate.swift */; };
		BC4A2AD32AFCD3C70027B9AC /* HomeViewController.swift in Sources */ = {isa = PBXBuildFile; fileRef = BC4A2AD22AFCD3C70027B9AC /* HomeViewController.swift */; };
		BC4A2AD82AFCD3C90027B9AC /* Assets.xcassets in Resources */ = {isa = PBXBuildFile; fileRef = BC4A2AD72AFCD3C90027B9AC /* Assets.xcassets */; };
		BC4A2ADB2AFCD3C90027B9AC /* LaunchScreen.storyboard in Resources */ = {isa = PBXBuildFile; fileRef = BC4A2AD92AFCD3C90027B9AC /* LaunchScreen.storyboard */; };
		BC8A9D1B2AFE14C20093227E /* TabBarViewController.swift in Sources */ = {isa = PBXBuildFile; fileRef = BC8A9D1A2AFE14C20093227E /* TabBarViewController.swift */; };
		BC8A9D1D2AFE19450093227E /* SearchViewController.swift in Sources */ = {isa = PBXBuildFile; fileRef = BC8A9D1C2AFE19450093227E /* SearchViewController.swift */; };
		BC8A9D1F2AFE198B0093227E /* CollectionViewController.swift in Sources */ = {isa = PBXBuildFile; fileRef = BC8A9D1E2AFE198B0093227E /* CollectionViewController.swift */; };
		BC8A9D232AFE1B4A0093227E /* AuthViewController.swift in Sources */ = {isa = PBXBuildFile; fileRef = BC8A9D222AFE1B4A0093227E /* AuthViewController.swift */; };
		BC8A9D252AFE1B740093227E /* WelcomeViewController.swift in Sources */ = {isa = PBXBuildFile; fileRef = BC8A9D242AFE1B740093227E /* WelcomeViewController.swift */; };
		BC8A9D272AFE1B920093227E /* SettingsViewController.swift in Sources */ = {isa = PBXBuildFile; fileRef = BC8A9D262AFE1B920093227E /* SettingsViewController.swift */; };
		BC8A9D2A2AFE1BB70093227E /* ProfileViewController.swift in Sources */ = {isa = PBXBuildFile; fileRef = BC8A9D292AFE1BB70093227E /* ProfileViewController.swift */; };
		BC8A9D2C2AFE1BE10093227E /* PlayerViewController.swift in Sources */ = {isa = PBXBuildFile; fileRef = BC8A9D2B2AFE1BE10093227E /* PlayerViewController.swift */; };
		BC8A9D2E2AFE1C0A0093227E /* PlaylistViewController.swift in Sources */ = {isa = PBXBuildFile; fileRef = BC8A9D2D2AFE1C0A0093227E /* PlaylistViewController.swift */; };
		BC8A9D302AFE1C360093227E /* SearchResultsViewController.swift in Sources */ = {isa = PBXBuildFile; fileRef = BC8A9D2F2AFE1C360093227E /* SearchResultsViewController.swift */; };
		BC8A9D322AFE1EA60093227E /* AuthManager.swift in Sources */ = {isa = PBXBuildFile; fileRef = BC8A9D312AFE1EA60093227E /* AuthManager.swift */; };
		BC8A9D342AFE1ED30093227E /* APICaller.swift in Sources */ = {isa = PBXBuildFile; fileRef = BC8A9D332AFE1ED30093227E /* APICaller.swift */; };
		BC8A9D362AFE1EED0093227E /* HapticManager.swift in Sources */ = {isa = PBXBuildFile; fileRef = BC8A9D352AFE1EED0093227E /* HapticManager.swift */; };
		BC8A9D382AFE1F200093227E /* Playlist.swift in Sources */ = {isa = PBXBuildFile; fileRef = BC8A9D372AFE1F200093227E /* Playlist.swift */; };
		BC8A9D3A2AFE1F3F0093227E /* AudioTrack.swift in Sources */ = {isa = PBXBuildFile; fileRef = BC8A9D392AFE1F3F0093227E /* AudioTrack.swift */; };
		BC8A9D3C2AFE1F580093227E /* Artist.swift in Sources */ = {isa = PBXBuildFile; fileRef = BC8A9D3B2AFE1F580093227E /* Artist.swift */; };
		BC8A9D3E2AFE1F6F0093227E /* UserProfile.swift in Sources */ = {isa = PBXBuildFile; fileRef = BC8A9D3D2AFE1F6F0093227E /* UserProfile.swift */; };
		BC8A9D402AFE84FB0093227E /* Extensions.swift in Sources */ = {isa = PBXBuildFile; fileRef = BC8A9D3F2AFE84FB0093227E /* Extensions.swift */; };
/* End PBXBuildFile section */

/* Begin PBXFileReference section */
		BC4A2ACB2AFCD3C70027B9AC /* Space Wave.app */ = {isa = PBXFileReference; explicitFileType = wrapper.application; includeInIndex = 0; path = "Space Wave.app"; sourceTree = BUILT_PRODUCTS_DIR; };
		BC4A2ACE2AFCD3C70027B9AC /* AppDelegate.swift */ = {isa = PBXFileReference; lastKnownFileType = sourcecode.swift; path = AppDelegate.swift; sourceTree = "<group>"; };
		BC4A2AD02AFCD3C70027B9AC /* SceneDelegate.swift */ = {isa = PBXFileReference; lastKnownFileType = sourcecode.swift; path = SceneDelegate.swift; sourceTree = "<group>"; };
		BC4A2AD22AFCD3C70027B9AC /* HomeViewController.swift */ = {isa = PBXFileReference; lastKnownFileType = sourcecode.swift; path = HomeViewController.swift; sourceTree = "<group>"; };
		BC4A2AD72AFCD3C90027B9AC /* Assets.xcassets */ = {isa = PBXFileReference; lastKnownFileType = folder.assetcatalog; path = Assets.xcassets; sourceTree = "<group>"; };
		BC4A2ADA2AFCD3C90027B9AC /* Base */ = {isa = PBXFileReference; lastKnownFileType = file.storyboard; name = Base; path = Base.lproj/LaunchScreen.storyboard; sourceTree = "<group>"; };
		BC4A2ADC2AFCD3C90027B9AC /* Info.plist */ = {isa = PBXFileReference; lastKnownFileType = text.plist.xml; path = Info.plist; sourceTree = "<group>"; };
		BC8A9D1A2AFE14C20093227E /* TabBarViewController.swift */ = {isa = PBXFileReference; lastKnownFileType = sourcecode.swift; path = TabBarViewController.swift; sourceTree = "<group>"; };
		BC8A9D1C2AFE19450093227E /* SearchViewController.swift */ = {isa = PBXFileReference; lastKnownFileType = sourcecode.swift; path = SearchViewController.swift; sourceTree = "<group>"; };
		BC8A9D1E2AFE198B0093227E /* CollectionViewController.swift */ = {isa = PBXFileReference; lastKnownFileType = sourcecode.swift; path = CollectionViewController.swift; sourceTree = "<group>"; };
		BC8A9D222AFE1B4A0093227E /* AuthViewController.swift */ = {isa = PBXFileReference; lastKnownFileType = sourcecode.swift; path = AuthViewController.swift; sourceTree = "<group>"; };
		BC8A9D242AFE1B740093227E /* WelcomeViewController.swift */ = {isa = PBXFileReference; lastKnownFileType = sourcecode.swift; path = WelcomeViewController.swift; sourceTree = "<group>"; };
		BC8A9D262AFE1B920093227E /* SettingsViewController.swift */ = {isa = PBXFileReference; lastKnownFileType = sourcecode.swift; path = SettingsViewController.swift; sourceTree = "<group>"; };
		BC8A9D292AFE1BB70093227E /* ProfileViewController.swift */ = {isa = PBXFileReference; lastKnownFileType = sourcecode.swift; path = ProfileViewController.swift; sourceTree = "<group>"; };
		BC8A9D2B2AFE1BE10093227E /* PlayerViewController.swift */ = {isa = PBXFileReference; lastKnownFileType = sourcecode.swift; path = PlayerViewController.swift; sourceTree = "<group>"; };
		BC8A9D2D2AFE1C0A0093227E /* PlaylistViewController.swift */ = {isa = PBXFileReference; lastKnownFileType = sourcecode.swift; path = PlaylistViewController.swift; sourceTree = "<group>"; };
		BC8A9D2F2AFE1C360093227E /* SearchResultsViewController.swift */ = {isa = PBXFileReference; lastKnownFileType = sourcecode.swift; path = SearchResultsViewController.swift; sourceTree = "<group>"; };
		BC8A9D312AFE1EA60093227E /* AuthManager.swift */ = {isa = PBXFileReference; lastKnownFileType = sourcecode.swift; path = AuthManager.swift; sourceTree = "<group>"; };
		BC8A9D332AFE1ED30093227E /* APICaller.swift */ = {isa = PBXFileReference; lastKnownFileType = sourcecode.swift; path = APICaller.swift; sourceTree = "<group>"; };
		BC8A9D352AFE1EED0093227E /* HapticManager.swift */ = {isa = PBXFileReference; lastKnownFileType = sourcecode.swift; path = HapticManager.swift; sourceTree = "<group>"; };
		BC8A9D372AFE1F200093227E /* Playlist.swift */ = {isa = PBXFileReference; lastKnownFileType = sourcecode.swift; path = Playlist.swift; sourceTree = "<group>"; };
		BC8A9D392AFE1F3F0093227E /* AudioTrack.swift */ = {isa = PBXFileReference; lastKnownFileType = sourcecode.swift; path = AudioTrack.swift; sourceTree = "<group>"; };
		BC8A9D3B2AFE1F580093227E /* Artist.swift */ = {isa = PBXFileReference; lastKnownFileType = sourcecode.swift; path = Artist.swift; sourceTree = "<group>"; };
		BC8A9D3D2AFE1F6F0093227E /* UserProfile.swift */ = {isa = PBXFileReference; lastKnownFileType = sourcecode.swift; path = UserProfile.swift; sourceTree = "<group>"; };
		BC8A9D3F2AFE84FB0093227E /* Extensions.swift */ = {isa = PBXFileReference; lastKnownFileType = sourcecode.swift; path = Extensions.swift; sourceTree = "<group>"; };
/* End PBXFileReference section */

/* Begin PBXFrameworksBuildPhase section */
		BC4A2AC82AFCD3C70027B9AC /* Frameworks */ = {
			isa = PBXFrameworksBuildPhase;
			buildActionMask = 2147483647;
			files = (
			);
			runOnlyForDeploymentPostprocessing = 0;
		};
/* End PBXFrameworksBuildPhase section */

/* Begin PBXGroup section */
		BC4A2AC22AFCD3C70027B9AC = {
			isa = PBXGroup;
			children = (
				BC4A2ACD2AFCD3C70027B9AC /* Space Wave */,
				BC4A2ACC2AFCD3C70027B9AC /* Products */,
			);
			sourceTree = "<group>";
		};
		BC4A2ACC2AFCD3C70027B9AC /* Products */ = {
			isa = PBXGroup;
			children = (
				BC4A2ACB2AFCD3C70027B9AC /* Space Wave.app */,
			);
			name = Products;
			sourceTree = "<group>";
		};
		BC4A2ACD2AFCD3C70027B9AC /* Space Wave */ = {
			isa = PBXGroup;
			children = (
				BC4A2AE72AFE06E90027B9AC /* Resources */,
				BC4A2AE62AFE06E30027B9AC /* Managers */,
				BC4A2AE22AFE06AF0027B9AC /* Models */,
				BC4A2AE42AFE06C20027B9AC /* ViewModels */,
				BC4A2AE32AFE06B80027B9AC /* Views */,
				BC4A2AE52AFE06D40027B9AC /* Controllers */,
				BC4A2ADC2AFCD3C90027B9AC /* Info.plist */,
			);
			path = "Space Wave";
			sourceTree = "<group>";
		};
		BC4A2AE22AFE06AF0027B9AC /* Models */ = {
			isa = PBXGroup;
			children = (
				BC8A9D372AFE1F200093227E /* Playlist.swift */,
				BC8A9D392AFE1F3F0093227E /* AudioTrack.swift */,
				BC8A9D3B2AFE1F580093227E /* Artist.swift */,
				BC8A9D3D2AFE1F6F0093227E /* UserProfile.swift */,
			);
			path = Models;
			sourceTree = "<group>";
		};
		BC4A2AE32AFE06B80027B9AC /* Views */ = {
			isa = PBXGroup;
			children = (
				BC4A2AD92AFCD3C90027B9AC /* LaunchScreen.storyboard */,
			);
			path = Views;
			sourceTree = "<group>";
		};
		BC4A2AE42AFE06C20027B9AC /* ViewModels */ = {
			isa = PBXGroup;
			children = (
			);
			path = ViewModels;
			sourceTree = "<group>";
		};
		BC4A2AE52AFE06D40027B9AC /* Controllers */ = {
			isa = PBXGroup;
			children = (
				BC8A9D212AFE19F50093227E /* Other */,
				BC8A9D202AFE19930093227E /* Core */,
			);
			path = Controllers;
			sourceTree = "<group>";
		};
		BC4A2AE62AFE06E30027B9AC /* Managers */ = {
			isa = PBXGroup;
			children = (
				BC8A9D312AFE1EA60093227E /* AuthManager.swift */,
				BC8A9D332AFE1ED30093227E /* APICaller.swift */,
				BC8A9D352AFE1EED0093227E /* HapticManager.swift */,
			);
			path = Managers;
			sourceTree = "<group>";
		};
		BC4A2AE72AFE06E90027B9AC /* Resources */ = {
			isa = PBXGroup;
			children = (
				BC4A2AD72AFCD3C90027B9AC /* Assets.xcassets */,
				BC4A2ACE2AFCD3C70027B9AC /* AppDelegate.swift */,
				BC4A2AD02AFCD3C70027B9AC /* SceneDelegate.swift */,
				BC8A9D3F2AFE84FB0093227E /* Extensions.swift */,
			);
			path = Resources;
			sourceTree = "<group>";
		};
		BC8A9D202AFE19930093227E /* Core */ = {
			isa = PBXGroup;
			children = (
				BC8A9D1A2AFE14C20093227E /* TabBarViewController.swift */,
				BC4A2AD22AFCD3C70027B9AC /* HomeViewController.swift */,
				BC8A9D1C2AFE19450093227E /* SearchViewController.swift */,
				BC8A9D1E2AFE198B0093227E /* CollectionViewController.swift */,
			);
			path = Core;
			sourceTree = "<group>";
		};
		BC8A9D212AFE19F50093227E /* Other */ = {
			isa = PBXGroup;
			children = (
				BC8A9D222AFE1B4A0093227E /* AuthViewController.swift */,
				BC8A9D242AFE1B740093227E /* WelcomeViewController.swift */,
				BC8A9D262AFE1B920093227E /* SettingsViewController.swift */,
				BC8A9D292AFE1BB70093227E /* ProfileViewController.swift */,
				BC8A9D2B2AFE1BE10093227E /* PlayerViewController.swift */,
				BC8A9D2D2AFE1C0A0093227E /* PlaylistViewController.swift */,
				BC8A9D2F2AFE1C360093227E /* SearchResultsViewController.swift */,
			);
			path = Other;
			sourceTree = "<group>";
		};
/* End PBXGroup section */

/* Begin PBXNativeTarget section */
		BC4A2ACA2AFCD3C70027B9AC /* Space Wave */ = {
			isa = PBXNativeTarget;
			buildConfigurationList = BC4A2ADF2AFCD3C90027B9AC /* Build configuration list for PBXNativeTarget "Space Wave" */;
			buildPhases = (
				BC4A2AC72AFCD3C70027B9AC /* Sources */,
				BC4A2AC82AFCD3C70027B9AC /* Frameworks */,
				BC4A2AC92AFCD3C70027B9AC /* Resources */,
			);
			buildRules = (
			);
			dependencies = (
			);
			name = "Space Wave";
			productName = "Space Wave";
			productReference = BC4A2ACB2AFCD3C70027B9AC /* Space Wave.app */;
			productType = "com.apple.product-type.application";
		};
/* End PBXNativeTarget section */

/* Begin PBXProject section */
		BC4A2AC32AFCD3C70027B9AC /* Project object */ = {
			isa = PBXProject;
			attributes = {
				BuildIndependentTargetsInParallel = 1;
				LastSwiftUpdateCheck = 1500;
				LastUpgradeCheck = 1500;
				TargetAttributes = {
					BC4A2ACA2AFCD3C70027B9AC = {
						CreatedOnToolsVersion = 15.0.1;
					};
				};
			};
			buildConfigurationList = BC4A2AC62AFCD3C70027B9AC /* Build configuration list for PBXProject "Space Wave" */;
			compatibilityVersion = "Xcode 14.0";
			developmentRegion = en;
			hasScannedForEncodings = 0;
			knownRegions = (
				en,
				Base,
			);
			mainGroup = BC4A2AC22AFCD3C70027B9AC;
			productRefGroup = BC4A2ACC2AFCD3C70027B9AC /* Products */;
			projectDirPath = "";
			projectRoot = "";
			targets = (
				BC4A2ACA2AFCD3C70027B9AC /* Space Wave */,
			);
		};
/* End PBXProject section */

/* Begin PBXResourcesBuildPhase section */
		BC4A2AC92AFCD3C70027B9AC /* Resources */ = {
			isa = PBXResourcesBuildPhase;
			buildActionMask = 2147483647;
			files = (
				BC4A2ADB2AFCD3C90027B9AC /* LaunchScreen.storyboard in Resources */,
				BC4A2AD82AFCD3C90027B9AC /* Assets.xcassets in Resources */,
			);
			runOnlyForDeploymentPostprocessing = 0;
		};
/* End PBXResourcesBuildPhase section */

/* Begin PBXSourcesBuildPhase section */
		BC4A2AC72AFCD3C70027B9AC /* Sources */ = {
			isa = PBXSourcesBuildPhase;
			buildActionMask = 2147483647;
			files = (
				BC8A9D1D2AFE19450093227E /* SearchViewController.swift in Sources */,
				BC8A9D382AFE1F200093227E /* Playlist.swift in Sources */,
				BC8A9D322AFE1EA60093227E /* AuthManager.swift in Sources */,
				BC8A9D362AFE1EED0093227E /* HapticManager.swift in Sources */,
				BC8A9D302AFE1C360093227E /* SearchResultsViewController.swift in Sources */,
				BC8A9D252AFE1B740093227E /* WelcomeViewController.swift in Sources */,
				BC8A9D2A2AFE1BB70093227E /* ProfileViewController.swift in Sources */,
				BC8A9D1B2AFE14C20093227E /* TabBarViewController.swift in Sources */,
				BC8A9D3A2AFE1F3F0093227E /* AudioTrack.swift in Sources */,
				BC4A2AD32AFCD3C70027B9AC /* HomeViewController.swift in Sources */,
				BC8A9D232AFE1B4A0093227E /* AuthViewController.swift in Sources */,
				BC4A2ACF2AFCD3C70027B9AC /* AppDelegate.swift in Sources */,
				BC8A9D3E2AFE1F6F0093227E /* UserProfile.swift in Sources */,
				BC8A9D402AFE84FB0093227E /* Extensions.swift in Sources */,
				BC8A9D1F2AFE198B0093227E /* CollectionViewController.swift in Sources */,
				BC8A9D3C2AFE1F580093227E /* Artist.swift in Sources */,
				BC8A9D2E2AFE1C0A0093227E /* PlaylistViewController.swift in Sources */,
				BC4A2AD12AFCD3C70027B9AC /* SceneDelegate.swift in Sources */,
				BC8A9D2C2AFE1BE10093227E /* PlayerViewController.swift in Sources */,
				BC8A9D342AFE1ED30093227E /* APICaller.swift in Sources */,
				BC8A9D272AFE1B920093227E /* SettingsViewController.swift in Sources */,
			);
			runOnlyForDeploymentPostprocessing = 0;
		};
/* End PBXSourcesBuildPhase section */

/* Begin PBXVariantGroup section */
		BC4A2AD92AFCD3C90027B9AC /* LaunchScreen.storyboard */ = {
			isa = PBXVariantGroup;
			children = (
				BC4A2ADA2AFCD3C90027B9AC /* Base */,
			);
			name = LaunchScreen.storyboard;
			sourceTree = "<group>";
		};
/* End PBXVariantGroup section */

/* Begin XCBuildConfiguration section */
		BC4A2ADD2AFCD3C90027B9AC /* Debug */ = {
			isa = XCBuildConfiguration;
			buildSettings = {
				ALWAYS_SEARCH_USER_PATHS = NO;
				ASSETCATALOG_COMPILER_GENERATE_SWIFT_ASSET_SYMBOL_EXTENSIONS = YES;
				CLANG_ANALYZER_NONNULL = YES;
				CLANG_ANALYZER_NUMBER_OBJECT_CONVERSION = YES_AGGRESSIVE;
				CLANG_CXX_LANGUAGE_STANDARD = "gnu++20";
				CLANG_ENABLE_MODULES = YES;
				CLANG_ENABLE_OBJC_ARC = YES;
				CLANG_ENABLE_OBJC_WEAK = YES;
				CLANG_WARN_BLOCK_CAPTURE_AUTORELEASING = YES;
				CLANG_WARN_BOOL_CONVERSION = YES;
				CLANG_WARN_COMMA = YES;
				CLANG_WARN_CONSTANT_CONVERSION = YES;
				CLANG_WARN_DEPRECATED_OBJC_IMPLEMENTATIONS = YES;
				CLANG_WARN_DIRECT_OBJC_ISA_USAGE = YES_ERROR;
				CLANG_WARN_DOCUMENTATION_COMMENTS = YES;
				CLANG_WARN_EMPTY_BODY = YES;
				CLANG_WARN_ENUM_CONVERSION = YES;
				CLANG_WARN_INFINITE_RECURSION = YES;
				CLANG_WARN_INT_CONVERSION = YES;
				CLANG_WARN_NON_LITERAL_NULL_CONVERSION = YES;
				CLANG_WARN_OBJC_IMPLICIT_RETAIN_SELF = YES;
				CLANG_WARN_OBJC_LITERAL_CONVERSION = YES;
				CLANG_WARN_OBJC_ROOT_CLASS = YES_ERROR;
				CLANG_WARN_QUOTED_INCLUDE_IN_FRAMEWORK_HEADER = YES;
				CLANG_WARN_RANGE_LOOP_ANALYSIS = YES;
				CLANG_WARN_STRICT_PROTOTYPES = YES;
				CLANG_WARN_SUSPICIOUS_MOVE = YES;
				CLANG_WARN_UNGUARDED_AVAILABILITY = YES_AGGRESSIVE;
				CLANG_WARN_UNREACHABLE_CODE = YES;
				CLANG_WARN__DUPLICATE_METHOD_MATCH = YES;
				COPY_PHASE_STRIP = NO;
				DEBUG_INFORMATION_FORMAT = dwarf;
				ENABLE_STRICT_OBJC_MSGSEND = YES;
				ENABLE_TESTABILITY = YES;
				ENABLE_USER_SCRIPT_SANDBOXING = YES;
				GCC_C_LANGUAGE_STANDARD = gnu17;
				GCC_DYNAMIC_NO_PIC = NO;
				GCC_NO_COMMON_BLOCKS = YES;
				GCC_OPTIMIZATION_LEVEL = 0;
				GCC_PREPROCESSOR_DEFINITIONS = (
					"DEBUG=1",
					"$(inherited)",
				);
				GCC_WARN_64_TO_32_BIT_CONVERSION = YES;
				GCC_WARN_ABOUT_RETURN_TYPE = YES_ERROR;
				GCC_WARN_UNDECLARED_SELECTOR = YES;
				GCC_WARN_UNINITIALIZED_AUTOS = YES_AGGRESSIVE;
				GCC_WARN_UNUSED_FUNCTION = YES;
				GCC_WARN_UNUSED_VARIABLE = YES;
				IPHONEOS_DEPLOYMENT_TARGET = 17.0;
				LOCALIZATION_PREFERS_STRING_CATALOGS = YES;
				MTL_ENABLE_DEBUG_INFO = INCLUDE_SOURCE;
				MTL_FAST_MATH = YES;
				ONLY_ACTIVE_ARCH = YES;
				SDKROOT = iphoneos;
				SWIFT_ACTIVE_COMPILATION_CONDITIONS = "DEBUG $(inherited)";
				SWIFT_OPTIMIZATION_LEVEL = "-Onone";
			};
			name = Debug;
		};
		BC4A2ADE2AFCD3C90027B9AC /* Release */ = {
			isa = XCBuildConfiguration;
			buildSettings = {
				ALWAYS_SEARCH_USER_PATHS = NO;
				ASSETCATALOG_COMPILER_GENERATE_SWIFT_ASSET_SYMBOL_EXTENSIONS = YES;
				CLANG_ANALYZER_NONNULL = YES;
				CLANG_ANALYZER_NUMBER_OBJECT_CONVERSION = YES_AGGRESSIVE;
				CLANG_CXX_LANGUAGE_STANDARD = "gnu++20";
				CLANG_ENABLE_MODULES = YES;
				CLANG_ENABLE_OBJC_ARC = YES;
				CLANG_ENABLE_OBJC_WEAK = YES;
				CLANG_WARN_BLOCK_CAPTURE_AUTORELEASING = YES;
				CLANG_WARN_BOOL_CONVERSION = YES;
				CLANG_WARN_COMMA = YES;
				CLANG_WARN_CONSTANT_CONVERSION = YES;
				CLANG_WARN_DEPRECATED_OBJC_IMPLEMENTATIONS = YES;
				CLANG_WARN_DIRECT_OBJC_ISA_USAGE = YES_ERROR;
				CLANG_WARN_DOCUMENTATION_COMMENTS = YES;
				CLANG_WARN_EMPTY_BODY = YES;
				CLANG_WARN_ENUM_CONVERSION = YES;
				CLANG_WARN_INFINITE_RECURSION = YES;
				CLANG_WARN_INT_CONVERSION = YES;
				CLANG_WARN_NON_LITERAL_NULL_CONVERSION = YES;
				CLANG_WARN_OBJC_IMPLICIT_RETAIN_SELF = YES;
				CLANG_WARN_OBJC_LITERAL_CONVERSION = YES;
				CLANG_WARN_OBJC_ROOT_CLASS = YES_ERROR;
				CLANG_WARN_QUOTED_INCLUDE_IN_FRAMEWORK_HEADER = YES;
				CLANG_WARN_RANGE_LOOP_ANALYSIS = YES;
				CLANG_WARN_STRICT_PROTOTYPES = YES;
				CLANG_WARN_SUSPICIOUS_MOVE = YES;
				CLANG_WARN_UNGUARDED_AVAILABILITY = YES_AGGRESSIVE;
				CLANG_WARN_UNREACHABLE_CODE = YES;
				CLANG_WARN__DUPLICATE_METHOD_MATCH = YES;
				COPY_PHASE_STRIP = NO;
				DEBUG_INFORMATION_FORMAT = "dwarf-with-dsym";
				ENABLE_NS_ASSERTIONS = NO;
				ENABLE_STRICT_OBJC_MSGSEND = YES;
				ENABLE_USER_SCRIPT_SANDBOXING = YES;
				GCC_C_LANGUAGE_STANDARD = gnu17;
				GCC_NO_COMMON_BLOCKS = YES;
				GCC_WARN_64_TO_32_BIT_CONVERSION = YES;
				GCC_WARN_ABOUT_RETURN_TYPE = YES_ERROR;
				GCC_WARN_UNDECLARED_SELECTOR = YES;
				GCC_WARN_UNINITIALIZED_AUTOS = YES_AGGRESSIVE;
				GCC_WARN_UNUSED_FUNCTION = YES;
				GCC_WARN_UNUSED_VARIABLE = YES;
				IPHONEOS_DEPLOYMENT_TARGET = 17.0;
				LOCALIZATION_PREFERS_STRING_CATALOGS = YES;
				MTL_ENABLE_DEBUG_INFO = NO;
				MTL_FAST_MATH = YES;
				SDKROOT = iphoneos;
				SWIFT_COMPILATION_MODE = wholemodule;
				VALIDATE_PRODUCT = YES;
			};
			name = Release;
		};
		BC4A2AE02AFCD3C90027B9AC /* Debug */ = {
			isa = XCBuildConfiguration;
			buildSettings = {
				ASSETCATALOG_COMPILER_APPICON_NAME = AppIcon;
				ASSETCATALOG_COMPILER_GLOBAL_ACCENT_COLOR_NAME = AccentColor;
				CODE_SIGN_STYLE = Automatic;
				CURRENT_PROJECT_VERSION = 1;
				DEVELOPMENT_TEAM = Y5C952D945;
				GENERATE_INFOPLIST_FILE = YES;
				INFOPLIST_FILE = "Space Wave/Info.plist";
				INFOPLIST_KEY_UIApplicationSupportsIndirectInputEvents = YES;
				INFOPLIST_KEY_UILaunchStoryboardName = LaunchScreen;
				INFOPLIST_KEY_UISupportedInterfaceOrientations_iPad = "UIInterfaceOrientationPortrait UIInterfaceOrientationPortraitUpsideDown UIInterfaceOrientationLandscapeLeft UIInterfaceOrientationLandscapeRight";
				INFOPLIST_KEY_UISupportedInterfaceOrientations_iPhone = "UIInterfaceOrientationPortrait UIInterfaceOrientationLandscapeLeft UIInterfaceOrientationLandscapeRight";
				LD_RUNPATH_SEARCH_PATHS = (
					"$(inherited)",
					"@executable_path/Frameworks",
				);
				MARKETING_VERSION = 1.0;
				PRODUCT_BUNDLE_IDENTIFIER = "by.AppStore.Space-Wave";
				PRODUCT_NAME = "$(TARGET_NAME)";
				SWIFT_EMIT_LOC_STRINGS = YES;
				SWIFT_VERSION = 5.0;
				TARGETED_DEVICE_FAMILY = "1,2";
			};
			name = Debug;
		};
		BC4A2AE12AFCD3C90027B9AC /* Release */ = {
			isa = XCBuildConfiguration;
			buildSettings = {
				ASSETCATALOG_COMPILER_APPICON_NAME = AppIcon;
				ASSETCATALOG_COMPILER_GLOBAL_ACCENT_COLOR_NAME = AccentColor;
				CODE_SIGN_STYLE = Automatic;
				CURRENT_PROJECT_VERSION = 1;
				DEVELOPMENT_TEAM = Y5C952D945;
				GENERATE_INFOPLIST_FILE = YES;
				INFOPLIST_FILE = "Space Wave/Info.plist";
				INFOPLIST_KEY_UIApplicationSupportsIndirectInputEvents = YES;
				INFOPLIST_KEY_UILaunchStoryboardName = LaunchScreen;
				INFOPLIST_KEY_UISupportedInterfaceOrientations_iPad = "UIInterfaceOrientationPortrait UIInterfaceOrientationPortraitUpsideDown UIInterfaceOrientationLandscapeLeft UIInterfaceOrientationLandscapeRight";
				INFOPLIST_KEY_UISupportedInterfaceOrientations_iPhone = "UIInterfaceOrientationPortrait UIInterfaceOrientationLandscapeLeft UIInterfaceOrientationLandscapeRight";
				LD_RUNPATH_SEARCH_PATHS = (
					"$(inherited)",
					"@executable_path/Frameworks",
				);
				MARKETING_VERSION = 1.0;
				PRODUCT_BUNDLE_IDENTIFIER = "by.AppStore.Space-Wave";
				PRODUCT_NAME = "$(TARGET_NAME)";
				SWIFT_EMIT_LOC_STRINGS = YES;
				SWIFT_VERSION = 5.0;
				TARGETED_DEVICE_FAMILY = "1,2";
			};
			name = Release;
		};
/* End XCBuildConfiguration section */

/* Begin XCConfigurationList section */
		BC4A2AC62AFCD3C70027B9AC /* Build configuration list for PBXProject "Space Wave" */ = {
			isa = XCConfigurationList;
			buildConfigurations = (
				BC4A2ADD2AFCD3C90027B9AC /* Debug */,
				BC4A2ADE2AFCD3C90027B9AC /* Release */,
			);
			defaultConfigurationIsVisible = 0;
			defaultConfigurationName = Release;
		};
		BC4A2ADF2AFCD3C90027B9AC /* Build configuration list for PBXNativeTarget "Space Wave" */ = {
			isa = XCConfigurationList;
			buildConfigurations = (
				BC4A2AE02AFCD3C90027B9AC /* Debug */,
				BC4A2AE12AFCD3C90027B9AC /* Release */,
			);
			defaultConfigurationIsVisible = 0;
			defaultConfigurationName = Release;
		};
/* End XCConfigurationList section */
	};
	rootObject = BC4A2AC32AFCD3C70027B9AC /* Project object */;
}
